// !$*UTF8*$!
{
	archiveVersion = 1;
	classes = {
	};
	objectVersion = 56;
	objects = {

/* Begin PBXBuildFile section */
		1831810A2D7778DC00C749C5 /* AppDelegate.swift in Sources */ = {isa = PBXBuildFile; fileRef = 183181092D7778DC00C749C5 /* AppDelegate.swift */; };
		1831810C2D7778DC00C749C5 /* SceneDelegate.swift in Sources */ = {isa = PBXBuildFile; fileRef = 1831810B2D7778DC00C749C5 /* SceneDelegate.swift */; };
		183181112D7778DC00C749C5 /* Main.storyboard in Resources */ = {isa = PBXBuildFile; fileRef = 1831810F2D7778DC00C749C5 /* Main.storyboard */; };
		183181132D7778DE00C749C5 /* Assets.xcassets in Resources */ = {isa = PBXBuildFile; fileRef = 183181122D7778DE00C749C5 /* Assets.xcassets */; };
		183181162D7778DE00C749C5 /* LaunchScreen.storyboard in Resources */ = {isa = PBXBuildFile; fileRef = 183181142D7778DE00C749C5 /* LaunchScreen.storyboard */; };
		1831811E2D77845D00C749C5 /* SignUpViewController.swift in Sources */ = {isa = PBXBuildFile; fileRef = 1831811D2D77845D00C749C5 /* SignUpViewController.swift */; };
		18AB0BEE2D8368F30045FC67 /* TextField.swift in Sources */ = {isa = PBXBuildFile; fileRef = 18AB0BED2D8368F30045FC67 /* TextField.swift */; };
		18AB0BF02D836A0B0045FC67 /* View.swift in Sources */ = {isa = PBXBuildFile; fileRef = 18AB0BEF2D836A0B0045FC67 /* View.swift */; };
		18B5FE552D7A1FA900CA2D5C /* Label.swift in Sources */ = {isa = PBXBuildFile; fileRef = 18B5FE542D7A1FA900CA2D5C /* Label.swift */; };
/* End PBXBuildFile section */

/* Begin PBXFileReference section */
		183181062D7778DC00C749C5 /* Messaging App.app */ = {isa = PBXFileReference; explicitFileType = wrapper.application; includeInIndex = 0; path = "Messaging App.app"; sourceTree = BUILT_PRODUCTS_DIR; };
		183181092D7778DC00C749C5 /* AppDelegate.swift */ = {isa = PBXFileReference; lastKnownFileType = sourcecode.swift; path = AppDelegate.swift; sourceTree = "<group>"; };
		1831810B2D7778DC00C749C5 /* SceneDelegate.swift */ = {isa = PBXFileReference; lastKnownFileType = sourcecode.swift; path = SceneDelegate.swift; sourceTree = "<group>"; };
		183181102D7778DC00C749C5 /* Base */ = {isa = PBXFileReference; lastKnownFileType = file.storyboard; name = Base; path = Base.lproj/Main.storyboard; sourceTree = "<group>"; };
		183181122D7778DE00C749C5 /* Assets.xcassets */ = {isa = PBXFileReference; lastKnownFileType = folder.assetcatalog; path = Assets.xcassets; sourceTree = "<group>"; };
		183181152D7778DE00C749C5 /* Base */ = {isa = PBXFileReference; lastKnownFileType = file.storyboard; name = Base; path = Base.lproj/LaunchScreen.storyboard; sourceTree = "<group>"; };
		183181172D7778DE00C749C5 /* Info.plist */ = {isa = PBXFileReference; lastKnownFileType = text.plist.xml; path = Info.plist; sourceTree = "<group>"; };
		1831811D2D77845D00C749C5 /* SignUpViewController.swift */ = {isa = PBXFileReference; lastKnownFileType = sourcecode.swift; path = SignUpViewController.swift; sourceTree = "<group>"; };
		18AB0BED2D8368F30045FC67 /* TextField.swift */ = {isa = PBXFileReference; lastKnownFileType = sourcecode.swift; path = TextField.swift; sourceTree = "<group>"; };
		18AB0BEF2D836A0B0045FC67 /* View.swift */ = {isa = PBXFileReference; lastKnownFileType = sourcecode.swift; path = View.swift; sourceTree = "<group>"; };
		18B5FE542D7A1FA900CA2D5C /* Label.swift */ = {isa = PBXFileReference; lastKnownFileType = sourcecode.swift; path = Label.swift; sourceTree = "<group>"; };
/* End PBXFileReference section */

/* Begin PBXFrameworksBuildPhase section */
		183181032D7778DC00C749C5 /* Frameworks */ = {
			isa = PBXFrameworksBuildPhase;
			buildActionMask = 2147483647;
			files = (
			);
			runOnlyForDeploymentPostprocessing = 0;
		};
/* End PBXFrameworksBuildPhase section */

/* Begin PBXGroup section */
		183180FD2D7778DC00C749C5 = {
			isa = PBXGroup;
			children = (
				183181082D7778DC00C749C5 /* Messaging App */,
				183181072D7778DC00C749C5 /* Products */,
			);
			sourceTree = "<group>";
		};
		183181072D7778DC00C749C5 /* Products */ = {
			isa = PBXGroup;
			children = (
				183181062D7778DC00C749C5 /* Messaging App.app */,
			);
			name = Products;
			sourceTree = "<group>";
		};
		183181082D7778DC00C749C5 /* Messaging App */ = {
			isa = PBXGroup;
			children = (
				18B5FE532D7A1F8C00CA2D5C /* UIComponents */,
				183181092D7778DC00C749C5 /* AppDelegate.swift */,
				1831810B2D7778DC00C749C5 /* SceneDelegate.swift */,
				1831811D2D77845D00C749C5 /* SignUpViewController.swift */,
				1831810F2D7778DC00C749C5 /* Main.storyboard */,
				183181122D7778DE00C749C5 /* Assets.xcassets */,
				183181142D7778DE00C749C5 /* LaunchScreen.storyboard */,
				183181172D7778DE00C749C5 /* Info.plist */,
			);
			path = "Messaging App";
			sourceTree = "<group>";
		};
		18B5FE532D7A1F8C00CA2D5C /* UIComponents */ = {
			isa = PBXGroup;
			children = (
				18B5FE542D7A1FA900CA2D5C /* Label.swift */,
				18AB0BED2D8368F30045FC67 /* TextField.swift */,
				18AB0BEF2D836A0B0045FC67 /* View.swift */,
			);
			path = UIComponents;
			sourceTree = "<group>";
		};
/* End PBXGroup section */

/* Begin PBXNativeTarget section */
		183181052D7778DC00C749C5 /* Messaging App */ = {
			isa = PBXNativeTarget;
			buildConfigurationList = 1831811A2D7778DE00C749C5 /* Build configuration list for PBXNativeTarget "Messaging App" */;
			buildPhases = (
				183181022D7778DC00C749C5 /* Sources */,
				183181032D7778DC00C749C5 /* Frameworks */,
				183181042D7778DC00C749C5 /* Resources */,
			);
			buildRules = (
			);
			dependencies = (
			);
			name = "Messaging App";
			productName = "Messaging App";
			productReference = 183181062D7778DC00C749C5 /* Messaging App.app */;
			productType = "com.apple.product-type.application";
		};
/* End PBXNativeTarget section */

/* Begin PBXProject section */
		183180FE2D7778DC00C749C5 /* Project object */ = {
			isa = PBXProject;
			attributes = {
				BuildIndependentTargetsInParallel = 1;
				LastSwiftUpdateCheck = 1420;
				LastUpgradeCheck = 1420;
				TargetAttributes = {
					183181052D7778DC00C749C5 = {
						CreatedOnToolsVersion = 14.2;
					};
				};
			};
			buildConfigurationList = 183181012D7778DC00C749C5 /* Build configuration list for PBXProject "Messaging App" */;
			compatibilityVersion = "Xcode 14.0";
			developmentRegion = en;
			hasScannedForEncodings = 0;
			knownRegions = (
				en,
				Base,
			);
			mainGroup = 183180FD2D7778DC00C749C5;
			productRefGroup = 183181072D7778DC00C749C5 /* Products */;
			projectDirPath = "";
			projectRoot = "";
			targets = (
				183181052D7778DC00C749C5 /* Messaging App */,
			);
		};
/* End PBXProject section */

/* Begin PBXResourcesBuildPhase section */
		183181042D7778DC00C749C5 /* Resources */ = {
			isa = PBXResourcesBuildPhase;
			buildActionMask = 2147483647;
			files = (
				183181162D7778DE00C749C5 /* LaunchScreen.storyboard in Resources */,
				183181132D7778DE00C749C5 /* Assets.xcassets in Resources */,
				183181112D7778DC00C749C5 /* Main.storyboard in Resources */,
			);
			runOnlyForDeploymentPostprocessing = 0;
		};
/* End PBXResourcesBuildPhase section */

/* Begin PBXSourcesBuildPhase section */
		183181022D7778DC00C749C5 /* Sources */ = {
			isa = PBXSourcesBuildPhase;
			buildActionMask = 2147483647;
			files = (
				1831811E2D77845D00C749C5 /* SignUpViewController.swift in Sources */,
				18B5FE552D7A1FA900CA2D5C /* Label.swift in Sources */,
				18AB0BF02D836A0B0045FC67 /* View.swift in Sources */,
				1831810A2D7778DC00C749C5 /* AppDelegate.swift in Sources */,
				18AB0BEE2D8368F30045FC67 /* TextField.swift in Sources */,
				1831810C2D7778DC00C749C5 /* SceneDelegate.swift in Sources */,
			);
			runOnlyForDeploymentPostprocessing = 0;
		};
/* End PBXSourcesBuildPhase section */

/* Begin PBXVariantGroup section */
		1831810F2D7778DC00C749C5 /* Main.storyboard */ = {
			isa = PBXVariantGroup;
			children = (
				183181102D7778DC00C749C5 /* Base */,
			);
			name = Main.storyboard;
			sourceTree = "<group>";
		};
		183181142D7778DE00C749C5 /* LaunchScreen.storyboard */ = {
			isa = PBXVariantGroup;
			children = (
				183181152D7778DE00C749C5 /* Base */,
			);
			name = LaunchScreen.storyboard;
			sourceTree = "<group>";
		};
/* End PBXVariantGroup section */

/* Begin XCBuildConfiguration section */
		183181182D7778DE00C749C5 /* Debug */ = {
			isa = XCBuildConfiguration;
			buildSettings = {
				ALWAYS_SEARCH_USER_PATHS = NO;
				CLANG_ANALYZER_NONNULL = YES;
				CLANG_ANALYZER_NUMBER_OBJECT_CONVERSION = YES_AGGRESSIVE;
				CLANG_CXX_LANGUAGE_STANDARD = "gnu++20";
				CLANG_ENABLE_MODULES = YES;
				CLANG_ENABLE_OBJC_ARC = YES;
				CLANG_ENABLE_OBJC_WEAK = YES;
				CLANG_WARN_BLOCK_CAPTURE_AUTORELEASING = YES;
				CLANG_WARN_BOOL_CONVERSION = YES;
				CLANG_WARN_COMMA = YES;
				CLANG_WARN_CONSTANT_CONVERSION = YES;
				CLANG_WARN_DEPRECATED_OBJC_IMPLEMENTATIONS = YES;
				CLANG_WARN_DIRECT_OBJC_ISA_USAGE = YES_ERROR;
				CLANG_WARN_DOCUMENTATION_COMMENTS = YES;
				CLANG_WARN_EMPTY_BODY = YES;
				CLANG_WARN_ENUM_CONVERSION = YES;
				CLANG_WARN_INFINITE_RECURSION = YES;
				CLANG_WARN_INT_CONVERSION = YES;
				CLANG_WARN_NON_LITERAL_NULL_CONVERSION = YES;
				CLANG_WARN_OBJC_IMPLICIT_RETAIN_SELF = YES;
				CLANG_WARN_OBJC_LITERAL_CONVERSION = YES;
				CLANG_WARN_OBJC_ROOT_CLASS = YES_ERROR;
				CLANG_WARN_QUOTED_INCLUDE_IN_FRAMEWORK_HEADER = YES;
				CLANG_WARN_RANGE_LOOP_ANALYSIS = YES;
				CLANG_WARN_STRICT_PROTOTYPES = YES;
				CLANG_WARN_SUSPICIOUS_MOVE = YES;
				CLANG_WARN_UNGUARDED_AVAILABILITY = YES_AGGRESSIVE;
				CLANG_WARN_UNREACHABLE_CODE = YES;
				CLANG_WARN__DUPLICATE_METHOD_MATCH = YES;
				COPY_PHASE_STRIP = NO;
				DEBUG_INFORMATION_FORMAT = dwarf;
				ENABLE_STRICT_OBJC_MSGSEND = YES;
				ENABLE_TESTABILITY = YES;
				GCC_C_LANGUAGE_STANDARD = gnu11;
				GCC_DYNAMIC_NO_PIC = NO;
				GCC_NO_COMMON_BLOCKS = YES;
				GCC_OPTIMIZATION_LEVEL = 0;
				GCC_PREPROCESSOR_DEFINITIONS = (
					"DEBUG=1",
					"$(inherited)",
				);
				GCC_WARN_64_TO_32_BIT_CONVERSION = YES;
				GCC_WARN_ABOUT_RETURN_TYPE = YES_ERROR;
				GCC_WARN_UNDECLARED_SELECTOR = YES;
				GCC_WARN_UNINITIALIZED_AUTOS = YES_AGGRESSIVE;
				GCC_WARN_UNUSED_FUNCTION = YES;
				GCC_WARN_UNUSED_VARIABLE = YES;
				IPHONEOS_DEPLOYMENT_TARGET = 16.2;
				MTL_ENABLE_DEBUG_INFO = INCLUDE_SOURCE;
				MTL_FAST_MATH = YES;
				ONLY_ACTIVE_ARCH = YES;
				SDKROOT = iphoneos;
				SWIFT_ACTIVE_COMPILATION_CONDITIONS = DEBUG;
				SWIFT_OPTIMIZATION_LEVEL = "-Onone";
			};
			name = Debug;
		};
		183181192D7778DE00C749C5 /* Release */ = {
			isa = XCBuildConfiguration;
			buildSettings = {
				ALWAYS_SEARCH_USER_PATHS = NO;
				CLANG_ANALYZER_NONNULL = YES;
				CLANG_ANALYZER_NUMBER_OBJECT_CONVERSION = YES_AGGRESSIVE;
				CLANG_CXX_LANGUAGE_STANDARD = "gnu++20";
				CLANG_ENABLE_MODULES = YES;
				CLANG_ENABLE_OBJC_ARC = YES;
				CLANG_ENABLE_OBJC_WEAK = YES;
				CLANG_WARN_BLOCK_CAPTURE_AUTORELEASING = YES;
				CLANG_WARN_BOOL_CONVERSION = YES;
				CLANG_WARN_COMMA = YES;
				CLANG_WARN_CONSTANT_CONVERSION = YES;
				CLANG_WARN_DEPRECATED_OBJC_IMPLEMENTATIONS = YES;
				CLANG_WARN_DIRECT_OBJC_ISA_USAGE = YES_ERROR;
				CLANG_WARN_DOCUMENTATION_COMMENTS = YES;
				CLANG_WARN_EMPTY_BODY = YES;
				CLANG_WARN_ENUM_CONVERSION = YES;
				CLANG_WARN_INFINITE_RECURSION = YES;
				CLANG_WARN_INT_CONVERSION = YES;
				CLANG_WARN_NON_LITERAL_NULL_CONVERSION = YES;
				CLANG_WARN_OBJC_IMPLICIT_RETAIN_SELF = YES;
				CLANG_WARN_OBJC_LITERAL_CONVERSION = YES;
				CLANG_WARN_OBJC_ROOT_CLASS = YES_ERROR;
				CLANG_WARN_QUOTED_INCLUDE_IN_FRAMEWORK_HEADER = YES;
				CLANG_WARN_RANGE_LOOP_ANALYSIS = YES;
				CLANG_WARN_STRICT_PROTOTYPES = YES;
				CLANG_WARN_SUSPICIOUS_MOVE = YES;
				CLANG_WARN_UNGUARDED_AVAILABILITY = YES_AGGRESSIVE;
				CLANG_WARN_UNREACHABLE_CODE = YES;
				CLANG_WARN__DUPLICATE_METHOD_MATCH = YES;
				COPY_PHASE_STRIP = NO;
				DEBUG_INFORMATION_FORMAT = "dwarf-with-dsym";
				ENABLE_NS_ASSERTIONS = NO;
				ENABLE_STRICT_OBJC_MSGSEND = YES;
				GCC_C_LANGUAGE_STANDARD = gnu11;
				GCC_NO_COMMON_BLOCKS = YES;
				GCC_WARN_64_TO_32_BIT_CONVERSION = YES;
				GCC_WARN_ABOUT_RETURN_TYPE = YES_ERROR;
				GCC_WARN_UNDECLARED_SELECTOR = YES;
				GCC_WARN_UNINITIALIZED_AUTOS = YES_AGGRESSIVE;
				GCC_WARN_UNUSED_FUNCTION = YES;
				GCC_WARN_UNUSED_VARIABLE = YES;
				IPHONEOS_DEPLOYMENT_TARGET = 16.2;
				MTL_ENABLE_DEBUG_INFO = NO;
				MTL_FAST_MATH = YES;
				SDKROOT = iphoneos;
				SWIFT_COMPILATION_MODE = wholemodule;
				SWIFT_OPTIMIZATION_LEVEL = "-O";
				VALIDATE_PRODUCT = YES;
			};
			name = Release;
		};
		1831811B2D7778DE00C749C5 /* Debug */ = {
			isa = XCBuildConfiguration;
			buildSettings = {
				ASSETCATALOG_COMPILER_APPICON_NAME = AppIcon;
				ASSETCATALOG_COMPILER_GLOBAL_ACCENT_COLOR_NAME = AccentColor;
				CODE_SIGN_STYLE = Automatic;
				CURRENT_PROJECT_VERSION = 1;
				DEVELOPMENT_TEAM = 9UUTP49935;
				GENERATE_INFOPLIST_FILE = YES;
				INFOPLIST_FILE = "Messaging App/Info.plist";
				INFOPLIST_KEY_UIApplicationSupportsIndirectInputEvents = YES;
				INFOPLIST_KEY_UILaunchStoryboardName = LaunchScreen;
				INFOPLIST_KEY_UISupportedInterfaceOrientations_iPad = "UIInterfaceOrientationPortrait UIInterfaceOrientationPortraitUpsideDown UIInterfaceOrientationLandscapeLeft UIInterfaceOrientationLandscapeRight";
				INFOPLIST_KEY_UISupportedInterfaceOrientations_iPhone = "UIInterfaceOrientationPortrait UIInterfaceOrientationLandscapeLeft UIInterfaceOrientationLandscapeRight";
				LD_RUNPATH_SEARCH_PATHS = (
					"$(inherited)",
					"@executable_path/Frameworks",
				);
				MARKETING_VERSION = 1.0;
				PRODUCT_BUNDLE_IDENTIFIER = "faizan.Messaging-App";
				PRODUCT_NAME = "$(TARGET_NAME)";
				SWIFT_EMIT_LOC_STRINGS = YES;
				SWIFT_VERSION = 5.0;
				TARGETED_DEVICE_FAMILY = "1,2";
			};
			name = Debug;
		};
		1831811C2D7778DE00C749C5 /* Release */ = {
			isa = XCBuildConfiguration;
			buildSettings = {
				ASSETCATALOG_COMPILER_APPICON_NAME = AppIcon;
				ASSETCATALOG_COMPILER_GLOBAL_ACCENT_COLOR_NAME = AccentColor;
				CODE_SIGN_STYLE = Automatic;
				CURRENT_PROJECT_VERSION = 1;
				DEVELOPMENT_TEAM = 9UUTP49935;
				GENERATE_INFOPLIST_FILE = YES;
				INFOPLIST_FILE = "Messaging App/Info.plist";
				INFOPLIST_KEY_UIApplicationSupportsIndirectInputEvents = YES;
				INFOPLIST_KEY_UILaunchStoryboardName = LaunchScreen;
				INFOPLIST_KEY_UISupportedInterfaceOrientations_iPad = "UIInterfaceOrientationPortrait UIInterfaceOrientationPortraitUpsideDown UIInterfaceOrientationLandscapeLeft UIInterfaceOrientationLandscapeRight";
				INFOPLIST_KEY_UISupportedInterfaceOrientations_iPhone = "UIInterfaceOrientationPortrait UIInterfaceOrientationLandscapeLeft UIInterfaceOrientationLandscapeRight";
				LD_RUNPATH_SEARCH_PATHS = (
					"$(inherited)",
					"@executable_path/Frameworks",
				);
				MARKETING_VERSION = 1.0;
				PRODUCT_BUNDLE_IDENTIFIER = "faizan.Messaging-App";
				PRODUCT_NAME = "$(TARGET_NAME)";
				SWIFT_EMIT_LOC_STRINGS = YES;
				SWIFT_VERSION = 5.0;
				TARGETED_DEVICE_FAMILY = "1,2";
			};
			name = Release;
		};
/* End XCBuildConfiguration section */

/* Begin XCConfigurationList section */
		183181012D7778DC00C749C5 /* Build configuration list for PBXProject "Messaging App" */ = {
			isa = XCConfigurationList;
			buildConfigurations = (
				183181182D7778DE00C749C5 /* Debug */,
				183181192D7778DE00C749C5 /* Release */,
			);
			defaultConfigurationIsVisible = 0;
			defaultConfigurationName = Release;
		};
		1831811A2D7778DE00C749C5 /* Build configuration list for PBXNativeTarget "Messaging App" */ = {
			isa = XCConfigurationList;
			buildConfigurations = (
				1831811B2D7778DE00C749C5 /* Debug */,
				1831811C2D7778DE00C749C5 /* Release */,
			);
			defaultConfigurationIsVisible = 0;
			defaultConfigurationName = Release;
		};
/* End XCConfigurationList section */
	};
	rootObject = 183180FE2D7778DC00C749C5 /* Project object */;
}
